
Microsoft Visual Studio Solution File, Format Version 12.00
# Visual Studio Version 16
VisualStudioVersion = 16.0.29424.173
MinimumVisualStudioVersion = 10.0.40219.1
Project("{9A19103F-16F7-4668-BE54-9A1E7A4F7556}") = "bootstrap-sb-admin-2-aspnet-core", "bootstrap-sb-admin-2-aspnet-core\bootstrap-sb-admin-2-aspnet-core.csproj", "{19451892-BF0F-4D56-B5A2-485FF1AF45A8}"
EndProject
Global
	GlobalSection(SolutionConfigurationPlatforms) = preSolution
		Debug|Any CPU = Debug|Any CPU
		Release|Any CPU = Release|Any CPU
	EndGlobalSection
	GlobalSection(ProjectConfigurationPlatforms) = postSolution
		{19451892-BF0F-4D56-B5A2-485FF1AF45A8}.Debug|Any CPU.ActiveCfg = Debug|Any CPU
		{19451892-BF0F-4D56-B5A2-485FF1AF45A8}.Debug|Any CPU.Build.0 = Debug|Any CPU
		{19451892-BF0F-4D56-B5A2-485FF1AF45A8}.Release|Any CPU.ActiveCfg = Release|Any CPU
		{19451892-BF0F-4D56-B5A2-485FF1AF45A8}.Release|Any CPU.Build.0 = Release|Any CPU
	EndGlobalSection
	GlobalSection(SolutionProperties) = preSolution
		HideSolutionNode = FALSE
	EndGlobalSection
	GlobalSection(ExtensibilityGlobals) = postSolution
		SolutionGuid = {57AC197B-8014-49A5-9971-7503ED2E9913}
	EndGlobalSection
EndGlobal
